
Microsoft Visual Studio Solution File, Format Version 12.00
# Visual Studio Version 17
VisualStudioVersion = 17.4.33403.182
MinimumVisualStudioVersion = 10.0.40219.1
Project("{2150E333-8FDC-42A3-9474-1A3956D46DE8}") = "01 Apis", "01 Apis", "{6C9BF92E-8CFA-4E33-9DA5-7CD0FC2BFB7A}"
EndProject
Project("{2150E333-8FDC-42A3-9474-1A3956D46DE8}") = "02 Core", "02 Core", "{EF0D3287-D190-4CF5-A92B-F48E427F40AB}"
EndProject
Project("{2150E333-8FDC-42A3-9474-1A3956D46DE8}") = "03 Database", "03 Database", "{C09A95F1-1011-4BF8-A7D5-07F1724DDAAA}"
EndProject
Project("{2150E333-8FDC-42A3-9474-1A3956D46DE8}") = "04 Common", "04 Common", "{7A8E80D1-D36F-49FD-91E2-1CBC448F3CB7}"
EndProject
Project("{2150E333-8FDC-42A3-9474-1A3956D46DE8}") = "05 Tests", "05 Tests", "{875E82BD-3C92-4CA6-85D0-030008290F0E}"
EndProject
Project("{9A19103F-16F7-4668-BE54-9A1E7A4F7556}") = "Common", "Common\Common.csproj", "{79A1CACE-C59C-4670-8D38-8E17C2C96653}"
EndProject
Project("{9A19103F-16F7-4668-BE54-9A1E7A4F7556}") = "DataAccess", "DataAccess\DataAccess.csproj", "{DF40A68F-A1BF-4429-AE3F-C118746026E6}"
EndProject
Project("{9A19103F-16F7-4668-BE54-9A1E7A4F7556}") = "Test", "Test\Test.csproj", "{3047E233-B211-4E10-836F-AAC501A931D3}"
EndProject
Project("{9A19103F-16F7-4668-BE54-9A1E7A4F7556}") = "Core", "Core\Core.csproj", "{B54EB4F1-E4A3-4C44-9BAC-40C61F4B7B27}"
EndProject
Project("{9A19103F-16F7-4668-BE54-9A1E7A4F7556}") = "Core.Contracts", "Core.Contracts\Core.Contracts.csproj", "{91403234-10F0-4A96-B97F-A058E12AE60A}"
EndProject
Project("{FAE04EC0-301F-11D3-BF4B-00C04F79EFBC}") = "Api", "Api\Api.csproj", "{F5171FE6-7282-4089-97D8-2ADE06DE1C51}"
EndProject
Global
	GlobalSection(SolutionConfigurationPlatforms) = preSolution
		Debug|Any CPU = Debug|Any CPU
		Release|Any CPU = Release|Any CPU
	EndGlobalSection
	GlobalSection(ProjectConfigurationPlatforms) = postSolution
		{79A1CACE-C59C-4670-8D38-8E17C2C96653}.Debug|Any CPU.ActiveCfg = Debug|Any CPU
		{79A1CACE-C59C-4670-8D38-8E17C2C96653}.Debug|Any CPU.Build.0 = Debug|Any CPU
		{79A1CACE-C59C-4670-8D38-8E17C2C96653}.Release|Any CPU.ActiveCfg = Release|Any CPU
		{79A1CACE-C59C-4670-8D38-8E17C2C96653}.Release|Any CPU.Build.0 = Release|Any CPU
		{DF40A68F-A1BF-4429-AE3F-C118746026E6}.Debug|Any CPU.ActiveCfg = Debug|Any CPU
		{DF40A68F-A1BF-4429-AE3F-C118746026E6}.Debug|Any CPU.Build.0 = Debug|Any CPU
		{DF40A68F-A1BF-4429-AE3F-C118746026E6}.Release|Any CPU.ActiveCfg = Release|Any CPU
		{DF40A68F-A1BF-4429-AE3F-C118746026E6}.Release|Any CPU.Build.0 = Release|Any CPU
		{3047E233-B211-4E10-836F-AAC501A931D3}.Debug|Any CPU.ActiveCfg = Debug|Any CPU
		{3047E233-B211-4E10-836F-AAC501A931D3}.Debug|Any CPU.Build.0 = Debug|Any CPU
		{3047E233-B211-4E10-836F-AAC501A931D3}.Release|Any CPU.ActiveCfg = Release|Any CPU
		{3047E233-B211-4E10-836F-AAC501A931D3}.Release|Any CPU.Build.0 = Release|Any CPU
		{B54EB4F1-E4A3-4C44-9BAC-40C61F4B7B27}.Debug|Any CPU.ActiveCfg = Debug|Any CPU
		{B54EB4F1-E4A3-4C44-9BAC-40C61F4B7B27}.Debug|Any CPU.Build.0 = Debug|Any CPU
		{B54EB4F1-E4A3-4C44-9BAC-40C61F4B7B27}.Release|Any CPU.ActiveCfg = Release|Any CPU
		{B54EB4F1-E4A3-4C44-9BAC-40C61F4B7B27}.Release|Any CPU.Build.0 = Release|Any CPU
		{91403234-10F0-4A96-B97F-A058E12AE60A}.Debug|Any CPU.ActiveCfg = Debug|Any CPU
		{91403234-10F0-4A96-B97F-A058E12AE60A}.Debug|Any CPU.Build.0 = Debug|Any CPU
		{91403234-10F0-4A96-B97F-A058E12AE60A}.Release|Any CPU.ActiveCfg = Release|Any CPU
		{91403234-10F0-4A96-B97F-A058E12AE60A}.Release|Any CPU.Build.0 = Release|Any CPU
		{F5171FE6-7282-4089-97D8-2ADE06DE1C51}.Debug|Any CPU.ActiveCfg = Debug|Any CPU
		{F5171FE6-7282-4089-97D8-2ADE06DE1C51}.Debug|Any CPU.Build.0 = Debug|Any CPU
		{F5171FE6-7282-4089-97D8-2ADE06DE1C51}.Release|Any CPU.ActiveCfg = Release|Any CPU
		{F5171FE6-7282-4089-97D8-2ADE06DE1C51}.Release|Any CPU.Build.0 = Release|Any CPU
	EndGlobalSection
	GlobalSection(SolutionProperties) = preSolution
		HideSolutionNode = FALSE
	EndGlobalSection
	GlobalSection(NestedProjects) = preSolution
		{79A1CACE-C59C-4670-8D38-8E17C2C96653} = {7A8E80D1-D36F-49FD-91E2-1CBC448F3CB7}
		{DF40A68F-A1BF-4429-AE3F-C118746026E6} = {C09A95F1-1011-4BF8-A7D5-07F1724DDAAA}
		{3047E233-B211-4E10-836F-AAC501A931D3} = {875E82BD-3C92-4CA6-85D0-030008290F0E}
		{B54EB4F1-E4A3-4C44-9BAC-40C61F4B7B27} = {EF0D3287-D190-4CF5-A92B-F48E427F40AB}
		{91403234-10F0-4A96-B97F-A058E12AE60A} = {EF0D3287-D190-4CF5-A92B-F48E427F40AB}
		{F5171FE6-7282-4089-97D8-2ADE06DE1C51} = {6C9BF92E-8CFA-4E33-9DA5-7CD0FC2BFB7A}
	EndGlobalSection
	GlobalSection(ExtensibilityGlobals) = postSolution
		SolutionGuid = {41492696-2F90-4CFB-BC7F-E9462AEBD801}
	EndGlobalSection
EndGlobal
